
Microsoft Visual Studio Solution File, Format Version 12.00
# Visual Studio 15
VisualStudioVersion = 15.0.28307.271
MinimumVisualStudioVersion = 10.0.40219.1
Project("{FAE04EC0-301F-11D3-BF4B-00C04F79EFBC}") = "CreatingGrid", "CreatingGrid\CreatingGrid.csproj", "{62A01650-1736-4C0E-98EB-684B5812AE44}"
EndProject
Global
	GlobalSection(SolutionConfigurationPlatforms) = preSolution
		Debug|Any CPU = Debug|Any CPU
		Release|Any CPU = Release|Any CPU
	EndGlobalSection
	GlobalSection(ProjectConfigurationPlatforms) = postSolution
		{62A01650-1736-4C0E-98EB-684B5812AE44}.Debug|Any CPU.ActiveCfg = Debug|Any CPU
		{62A01650-1736-4C0E-98EB-684B5812AE44}.Debug|Any CPU.Build.0 = Debug|Any CPU
		{62A01650-1736-4C0E-98EB-684B5812AE44}.Release|Any CPU.ActiveCfg = Release|Any CPU
		{62A01650-1736-4C0E-98EB-684B5812AE44}.Release|Any CPU.Build.0 = Release|Any CPU
	EndGlobalSection
	GlobalSection(SolutionProperties) = preSolution
		HideSolutionNode = FALSE
	EndGlobalSection
	GlobalSection(ExtensibilityGlobals) = postSolution
		SolutionGuid = {25DEDFEC-0038-48AB-B4D6-B9A4B20502BC}
	EndGlobalSection
EndGlobal
