
Microsoft Visual Studio Solution File, Format Version 12.00
# Visual Studio 15
VisualStudioVersion = 15.0.28307.271
MinimumVisualStudioVersion = 10.0.40219.1
Project("{FAE04EC0-301F-11D3-BF4B-00C04F79EFBC}") = "HeadsAndTails", "HeadsAndTails\HeadsAndTails.csproj", "{B153881B-9475-41E0-8797-25673D8B3DBA}"
EndProject
Global
	GlobalSection(SolutionConfigurationPlatforms) = preSolution
		Debug|Any CPU = Debug|Any CPU
		Release|Any CPU = Release|Any CPU
	EndGlobalSection
	GlobalSection(ProjectConfigurationPlatforms) = postSolution
		{B153881B-9475-41E0-8797-25673D8B3DBA}.Debug|Any CPU.ActiveCfg = Debug|Any CPU
		{B153881B-9475-41E0-8797-25673D8B3DBA}.Debug|Any CPU.Build.0 = Debug|Any CPU
		{B153881B-9475-41E0-8797-25673D8B3DBA}.Release|Any CPU.ActiveCfg = Release|Any CPU
		{B153881B-9475-41E0-8797-25673D8B3DBA}.Release|Any CPU.Build.0 = Release|Any CPU
	EndGlobalSection
	GlobalSection(SolutionProperties) = preSolution
		HideSolutionNode = FALSE
	EndGlobalSection
	GlobalSection(ExtensibilityGlobals) = postSolution
		SolutionGuid = {723628A3-F6EB-4B86-A075-EA33A8C10AC3}
	EndGlobalSection
EndGlobal
