
Microsoft Visual Studio Solution File, Format Version 12.00
# Visual Studio 15
VisualStudioVersion = 15.0.28307.271
MinimumVisualStudioVersion = 10.0.40219.1
Project("{FAE04EC0-301F-11D3-BF4B-00C04F79EFBC}") = "Bouncy", "Bouncy\Bouncy.csproj", "{B269355F-E468-4E0C-B935-452E71B14304}"
EndProject
Global
	GlobalSection(SolutionConfigurationPlatforms) = preSolution
		Debug|Any CPU = Debug|Any CPU
		Release|Any CPU = Release|Any CPU
	EndGlobalSection
	GlobalSection(ProjectConfigurationPlatforms) = postSolution
		{B269355F-E468-4E0C-B935-452E71B14304}.Debug|Any CPU.ActiveCfg = Debug|Any CPU
		{B269355F-E468-4E0C-B935-452E71B14304}.Debug|Any CPU.Build.0 = Debug|Any CPU
		{B269355F-E468-4E0C-B935-452E71B14304}.Release|Any CPU.ActiveCfg = Release|Any CPU
		{B269355F-E468-4E0C-B935-452E71B14304}.Release|Any CPU.Build.0 = Release|Any CPU
	EndGlobalSection
	GlobalSection(SolutionProperties) = preSolution
		HideSolutionNode = FALSE
	EndGlobalSection
	GlobalSection(ExtensibilityGlobals) = postSolution
		SolutionGuid = {CE6B5EC0-9A5B-4665-B4C0-454402F1446C}
	EndGlobalSection
EndGlobal
