
Microsoft Visual Studio Solution File, Format Version 12.00
# Visual Studio 15
VisualStudioVersion = 15.0.28307.271
MinimumVisualStudioVersion = 10.0.40219.1
Project("{FAE04EC0-301F-11D3-BF4B-00C04F79EFBC}") = "MovingShapes", "MovingShapes\MovingShapes.csproj", "{4BBCBAD4-5DCD-4CDF-A97C-AC4A57B93402}"
EndProject
Global
	GlobalSection(SolutionConfigurationPlatforms) = preSolution
		Debug|Any CPU = Debug|Any CPU
		Release|Any CPU = Release|Any CPU
	EndGlobalSection
	GlobalSection(ProjectConfigurationPlatforms) = postSolution
		{4BBCBAD4-5DCD-4CDF-A97C-AC4A57B93402}.Debug|Any CPU.ActiveCfg = Debug|Any CPU
		{4BBCBAD4-5DCD-4CDF-A97C-AC4A57B93402}.Debug|Any CPU.Build.0 = Debug|Any CPU
		{4BBCBAD4-5DCD-4CDF-A97C-AC4A57B93402}.Release|Any CPU.ActiveCfg = Release|Any CPU
		{4BBCBAD4-5DCD-4CDF-A97C-AC4A57B93402}.Release|Any CPU.Build.0 = Release|Any CPU
	EndGlobalSection
	GlobalSection(SolutionProperties) = preSolution
		HideSolutionNode = FALSE
	EndGlobalSection
	GlobalSection(ExtensibilityGlobals) = postSolution
		SolutionGuid = {013C8771-5019-4D1D-91A4-5F31A6555F7C}
	EndGlobalSection
EndGlobal
