
Microsoft Visual Studio Solution File, Format Version 12.00
# Visual Studio 15
VisualStudioVersion = 15.0.28307.271
MinimumVisualStudioVersion = 10.0.40219.1
Project("{FAE04EC0-301F-11D3-BF4B-00C04F79EFBC}") = "DealACard", "DealACard\DealACard.csproj", "{67A76195-8511-44FA-AA70-23A27C792FB6}"
EndProject
Global
	GlobalSection(SolutionConfigurationPlatforms) = preSolution
		Debug|Any CPU = Debug|Any CPU
		Release|Any CPU = Release|Any CPU
	EndGlobalSection
	GlobalSection(ProjectConfigurationPlatforms) = postSolution
		{67A76195-8511-44FA-AA70-23A27C792FB6}.Debug|Any CPU.ActiveCfg = Debug|Any CPU
		{67A76195-8511-44FA-AA70-23A27C792FB6}.Debug|Any CPU.Build.0 = Debug|Any CPU
		{67A76195-8511-44FA-AA70-23A27C792FB6}.Release|Any CPU.ActiveCfg = Release|Any CPU
		{67A76195-8511-44FA-AA70-23A27C792FB6}.Release|Any CPU.Build.0 = Release|Any CPU
	EndGlobalSection
	GlobalSection(SolutionProperties) = preSolution
		HideSolutionNode = FALSE
	EndGlobalSection
	GlobalSection(ExtensibilityGlobals) = postSolution
		SolutionGuid = {3A3B29E1-80E6-4E7E-B87C-F71024C96178}
	EndGlobalSection
EndGlobal
