
Microsoft Visual Studio Solution File, Format Version 12.00
# Visual Studio 15
VisualStudioVersion = 15.0.28307.271
MinimumVisualStudioVersion = 10.0.40219.1
Project("{FAE04EC0-301F-11D3-BF4B-00C04F79EFBC}") = "SlotMachine", "SlotMachine\SlotMachine.csproj", "{8D2C74DF-C3B6-444B-83E8-3DD59DAFE535}"
EndProject
Global
	GlobalSection(SolutionConfigurationPlatforms) = preSolution
		Debug|Any CPU = Debug|Any CPU
		Release|Any CPU = Release|Any CPU
	EndGlobalSection
	GlobalSection(ProjectConfigurationPlatforms) = postSolution
		{8D2C74DF-C3B6-444B-83E8-3DD59DAFE535}.Debug|Any CPU.ActiveCfg = Debug|Any CPU
		{8D2C74DF-C3B6-444B-83E8-3DD59DAFE535}.Debug|Any CPU.Build.0 = Debug|Any CPU
		{8D2C74DF-C3B6-444B-83E8-3DD59DAFE535}.Release|Any CPU.ActiveCfg = Release|Any CPU
		{8D2C74DF-C3B6-444B-83E8-3DD59DAFE535}.Release|Any CPU.Build.0 = Release|Any CPU
	EndGlobalSection
	GlobalSection(SolutionProperties) = preSolution
		HideSolutionNode = FALSE
	EndGlobalSection
	GlobalSection(ExtensibilityGlobals) = postSolution
		SolutionGuid = {F5CD0F3F-F394-491E-BE04-E3F76C558D80}
	EndGlobalSection
EndGlobal
